
Microsoft Visual Studio Solution File, Format Version 12.00
# Visual Studio Version 17
VisualStudioVersion = 17.0.31903.59
MinimumVisualStudioVersion = 10.0.40219.1
Project("{FAE04EC0-301F-11D3-BF4B-00C04F79EFBC}") = "MSSQLConverter", "MSSQLConverter.csproj", "{20545550-7172-4A0B-8A12-B6EA267C54DB}"
EndProject
Global
	GlobalSection(SolutionConfigurationPlatforms) = preSolution
		Debug|Any CPU = Debug|Any CPU
		Release|Any CPU = Release|Any CPU
	EndGlobalSection
	GlobalSection(ProjectConfigurationPlatforms) = postSolution
		{20545550-7172-4A0B-8A12-B6EA267C54DB}.Debug|Any CPU.ActiveCfg = Debug|Any CPU
		{20545550-7172-4A0B-8A12-B6EA267C54DB}.Debug|Any CPU.Build.0 = Debug|Any CPU
		{20545550-7172-4A0B-8A12-B6EA267C54DB}.Release|Any CPU.ActiveCfg = Release|Any CPU
		{20545550-7172-4A0B-8A12-B6EA267C54DB}.Release|Any CPU.Build.0 = Release|Any CPU
	EndGlobalSection
	GlobalSection(SolutionProperties) = preSolution
		HideSolutionNode = FALSE
	EndGlobalSection
	GlobalSection(ExtensibilityGlobals) = postSolution
		SolutionGuid = {3A6C357C-2C2D-43AF-A624-ECB04C135EC0}
	EndGlobalSection
EndGlobal
